// !$*UTF8*$!
{
	archiveVersion = 1;
	classes = {
	};
	objectVersion = 56;
	objects = {

/* Begin PBXBuildFile section */
		22EB5E272B9B272900048F26 /* AppDelegate.swift in Sources */ = {isa = PBXBuildFile; fileRef = 22EB5E262B9B272900048F26 /* AppDelegate.swift */; };
		22EB5E292B9B272900048F26 /* SceneDelegate.swift in Sources */ = {isa = PBXBuildFile; fileRef = 22EB5E282B9B272900048F26 /* SceneDelegate.swift */; };
		22EB5E2E2B9B272900048F26 /* Main.storyboard in Resources */ = {isa = PBXBuildFile; fileRef = 22EB5E2C2B9B272900048F26 /* Main.storyboard */; };
		22EB5E312B9B272900048F26 /* GoLife.xcdatamodeld in Sources */ = {isa = PBXBuildFile; fileRef = 22EB5E2F2B9B272900048F26 /* GoLife.xcdatamodeld */; };
		22EB5E332B9B272B00048F26 /* Assets.xcassets in Resources */ = {isa = PBXBuildFile; fileRef = 22EB5E322B9B272B00048F26 /* Assets.xcassets */; };
		22EB5E362B9B272B00048F26 /* LaunchScreen.storyboard in Resources */ = {isa = PBXBuildFile; fileRef = 22EB5E342B9B272B00048F26 /* LaunchScreen.storyboard */; };
		22EB5E422B9B2BC600048F26 /* AddNewTaskkVC.swift in Sources */ = {isa = PBXBuildFile; fileRef = 22EB5E3F2B9B2BC600048F26 /* AddNewTaskkVC.swift */; };
		22EB5E432B9B2BC600048F26 /* CalendarVC.swift in Sources */ = {isa = PBXBuildFile; fileRef = 22EB5E402B9B2BC600048F26 /* CalendarVC.swift */; };
		22EB5E442B9B2BC600048F26 /* CalendarDM.swift in Sources */ = {isa = PBXBuildFile; fileRef = 22EB5E412B9B2BC600048F26 /* CalendarDM.swift */; };
		22EB5E462B9B2C3C00048F26 /* TabBar.swift in Sources */ = {isa = PBXBuildFile; fileRef = 22EB5E452B9B2C3C00048F26 /* TabBar.swift */; };
		22EB5E4A2B9B302700048F26 /* PlusOneDM.swift in Sources */ = {isa = PBXBuildFile; fileRef = 22EB5E492B9B302700048F26 /* PlusOneDM.swift */; };
		22EB5E4C2B9B306B00048F26 /* PlusOneVC.swift in Sources */ = {isa = PBXBuildFile; fileRef = 22EB5E4B2B9B306B00048F26 /* PlusOneVC.swift */; };
		22EB5E4E2B9B315700048F26 /* ORViewController.swift in Sources */ = {isa = PBXBuildFile; fileRef = 22EB5E4D2B9B315700048F26 /* ORViewController.swift */; };
/* End PBXBuildFile section */

/* Begin PBXFileReference section */
		22EB5E232B9B272900048F26 /* GoLife.app */ = {isa = PBXFileReference; explicitFileType = wrapper.application; includeInIndex = 0; path = GoLife.app; sourceTree = BUILT_PRODUCTS_DIR; };
		22EB5E262B9B272900048F26 /* AppDelegate.swift */ = {isa = PBXFileReference; lastKnownFileType = sourcecode.swift; path = AppDelegate.swift; sourceTree = "<group>"; };
		22EB5E282B9B272900048F26 /* SceneDelegate.swift */ = {isa = PBXFileReference; lastKnownFileType = sourcecode.swift; path = SceneDelegate.swift; sourceTree = "<group>"; };
		22EB5E2D2B9B272900048F26 /* Base */ = {isa = PBXFileReference; lastKnownFileType = file.storyboard; name = Base; path = Base.lproj/Main.storyboard; sourceTree = "<group>"; };
		22EB5E302B9B272900048F26 /* GoLife.xcdatamodel */ = {isa = PBXFileReference; lastKnownFileType = wrapper.xcdatamodel; path = GoLife.xcdatamodel; sourceTree = "<group>"; };
		22EB5E322B9B272B00048F26 /* Assets.xcassets */ = {isa = PBXFileReference; lastKnownFileType = folder.assetcatalog; path = Assets.xcassets; sourceTree = "<group>"; };
		22EB5E352B9B272B00048F26 /* Base */ = {isa = PBXFileReference; lastKnownFileType = file.storyboard; name = Base; path = Base.lproj/LaunchScreen.storyboard; sourceTree = "<group>"; };
		22EB5E372B9B272B00048F26 /* Info.plist */ = {isa = PBXFileReference; lastKnownFileType = text.plist.xml; path = Info.plist; sourceTree = "<group>"; };
		22EB5E3F2B9B2BC600048F26 /* AddNewTaskkVC.swift */ = {isa = PBXFileReference; fileEncoding = 4; lastKnownFileType = sourcecode.swift; path = AddNewTaskkVC.swift; sourceTree = "<group>"; };
		22EB5E402B9B2BC600048F26 /* CalendarVC.swift */ = {isa = PBXFileReference; fileEncoding = 4; lastKnownFileType = sourcecode.swift; path = CalendarVC.swift; sourceTree = "<group>"; };
		22EB5E412B9B2BC600048F26 /* CalendarDM.swift */ = {isa = PBXFileReference; fileEncoding = 4; lastKnownFileType = sourcecode.swift; path = CalendarDM.swift; sourceTree = "<group>"; };
		22EB5E452B9B2C3C00048F26 /* TabBar.swift */ = {isa = PBXFileReference; fileEncoding = 4; lastKnownFileType = sourcecode.swift; path = TabBar.swift; sourceTree = "<group>"; };
		22EB5E492B9B302700048F26 /* PlusOneDM.swift */ = {isa = PBXFileReference; lastKnownFileType = sourcecode.swift; path = PlusOneDM.swift; sourceTree = "<group>"; };
		22EB5E4B2B9B306B00048F26 /* PlusOneVC.swift */ = {isa = PBXFileReference; fileEncoding = 4; lastKnownFileType = sourcecode.swift; path = PlusOneVC.swift; sourceTree = "<group>"; };
		22EB5E4D2B9B315700048F26 /* ORViewController.swift */ = {isa = PBXFileReference; lastKnownFileType = sourcecode.swift; path = ORViewController.swift; sourceTree = "<group>"; };
/* End PBXFileReference section */

/* Begin PBXFrameworksBuildPhase section */
		22EB5E202B9B272900048F26 /* Frameworks */ = {
			isa = PBXFrameworksBuildPhase;
			buildActionMask = 2147483647;
			files = (
			);
			runOnlyForDeploymentPostprocessing = 0;
		};
/* End PBXFrameworksBuildPhase section */

/* Begin PBXGroup section */
		22EB5E1A2B9B272900048F26 = {
			isa = PBXGroup;
			children = (
				22EB5E252B9B272900048F26 /* GoLife */,
				22EB5E242B9B272900048F26 /* Products */,
			);
			sourceTree = "<group>";
		};
		22EB5E242B9B272900048F26 /* Products */ = {
			isa = PBXGroup;
			children = (
				22EB5E232B9B272900048F26 /* GoLife.app */,
			);
			name = Products;
			sourceTree = "<group>";
		};
		22EB5E252B9B272900048F26 /* GoLife */ = {
			isa = PBXGroup;
			children = (
				22EB5E3E2B9B2BA400048F26 /* Controller */,
				22EB5E3D2B9B2B9B00048F26 /* Helper */,
				22EB5E262B9B272900048F26 /* AppDelegate.swift */,
				22EB5E282B9B272900048F26 /* SceneDelegate.swift */,
				22EB5E2C2B9B272900048F26 /* Main.storyboard */,
				22EB5E322B9B272B00048F26 /* Assets.xcassets */,
				22EB5E342B9B272B00048F26 /* LaunchScreen.storyboard */,
				22EB5E372B9B272B00048F26 /* Info.plist */,
				22EB5E2F2B9B272900048F26 /* GoLife.xcdatamodeld */,
			);
			path = GoLife;
			sourceTree = "<group>";
		};
		22EB5E3D2B9B2B9B00048F26 /* Helper */ = {
			isa = PBXGroup;
			children = (
				22EB5E412B9B2BC600048F26 /* CalendarDM.swift */,
				22EB5E492B9B302700048F26 /* PlusOneDM.swift */,
			);
			path = Helper;
			sourceTree = "<group>";
		};
		22EB5E3E2B9B2BA400048F26 /* Controller */ = {
			isa = PBXGroup;
			children = (
				22EB5E482B9B2FFD00048F26 /* PlusOne */,
				22EB5E472B9B2FEF00048F26 /* Calendar */,
				22EB5E452B9B2C3C00048F26 /* TabBar.swift */,
				22EB5E4D2B9B315700048F26 /* ORViewController.swift */,
			);
			path = Controller;
			sourceTree = "<group>";
		};
		22EB5E472B9B2FEF00048F26 /* Calendar */ = {
			isa = PBXGroup;
			children = (
				22EB5E402B9B2BC600048F26 /* CalendarVC.swift */,
				22EB5E3F2B9B2BC600048F26 /* AddNewTaskkVC.swift */,
			);
			path = Calendar;
			sourceTree = "<group>";
		};
		22EB5E482B9B2FFD00048F26 /* PlusOne */ = {
			isa = PBXGroup;
			children = (
				22EB5E4B2B9B306B00048F26 /* PlusOneVC.swift */,
			);
			path = PlusOne;
			sourceTree = "<group>";
		};
/* End PBXGroup section */

/* Begin PBXNativeTarget section */
		22EB5E222B9B272900048F26 /* GoLife */ = {
			isa = PBXNativeTarget;
			buildConfigurationList = 22EB5E3A2B9B272B00048F26 /* Build configuration list for PBXNativeTarget "GoLife" */;
			buildPhases = (
				22EB5E1F2B9B272900048F26 /* Sources */,
				22EB5E202B9B272900048F26 /* Frameworks */,
				22EB5E212B9B272900048F26 /* Resources */,
			);
			buildRules = (
			);
			dependencies = (
			);
			name = GoLife;
			productName = GoLife;
			productReference = 22EB5E232B9B272900048F26 /* GoLife.app */;
			productType = "com.apple.product-type.application";
		};
/* End PBXNativeTarget section */

/* Begin PBXProject section */
		22EB5E1B2B9B272900048F26 /* Project object */ = {
			isa = PBXProject;
			attributes = {
				BuildIndependentTargetsInParallel = 1;
				LastSwiftUpdateCheck = 1500;
				LastUpgradeCheck = 1500;
				TargetAttributes = {
					22EB5E222B9B272900048F26 = {
						CreatedOnToolsVersion = 15.0.1;
					};
				};
			};
			buildConfigurationList = 22EB5E1E2B9B272900048F26 /* Build configuration list for PBXProject "GoLife" */;
			compatibilityVersion = "Xcode 14.0";
			developmentRegion = en;
			hasScannedForEncodings = 0;
			knownRegions = (
				en,
				Base,
			);
			mainGroup = 22EB5E1A2B9B272900048F26;
			productRefGroup = 22EB5E242B9B272900048F26 /* Products */;
			projectDirPath = "";
			projectRoot = "";
			targets = (
				22EB5E222B9B272900048F26 /* GoLife */,
			);
		};
/* End PBXProject section */

/* Begin PBXResourcesBuildPhase section */
		22EB5E212B9B272900048F26 /* Resources */ = {
			isa = PBXResourcesBuildPhase;
			buildActionMask = 2147483647;
			files = (
				22EB5E362B9B272B00048F26 /* LaunchScreen.storyboard in Resources */,
				22EB5E332B9B272B00048F26 /* Assets.xcassets in Resources */,
				22EB5E2E2B9B272900048F26 /* Main.storyboard in Resources */,
			);
			runOnlyForDeploymentPostprocessing = 0;
		};
/* End PBXResourcesBuildPhase section */

/* Begin PBXSourcesBuildPhase section */
		22EB5E1F2B9B272900048F26 /* Sources */ = {
			isa = PBXSourcesBuildPhase;
			buildActionMask = 2147483647;
			files = (
				22EB5E432B9B2BC600048F26 /* CalendarVC.swift in Sources */,
				22EB5E4A2B9B302700048F26 /* PlusOneDM.swift in Sources */,
				22EB5E442B9B2BC600048F26 /* CalendarDM.swift in Sources */,
				22EB5E4C2B9B306B00048F26 /* PlusOneVC.swift in Sources */,
				22EB5E312B9B272900048F26 /* GoLife.xcdatamodeld in Sources */,
				22EB5E272B9B272900048F26 /* AppDelegate.swift in Sources */,
				22EB5E422B9B2BC600048F26 /* AddNewTaskkVC.swift in Sources */,
				22EB5E4E2B9B315700048F26 /* ORViewController.swift in Sources */,
				22EB5E292B9B272900048F26 /* SceneDelegate.swift in Sources */,
				22EB5E462B9B2C3C00048F26 /* TabBar.swift in Sources */,
			);
			runOnlyForDeploymentPostprocessing = 0;
		};
/* End PBXSourcesBuildPhase section */

/* Begin PBXVariantGroup section */
		22EB5E2C2B9B272900048F26 /* Main.storyboard */ = {
			isa = PBXVariantGroup;
			children = (
				22EB5E2D2B9B272900048F26 /* Base */,
			);
			name = Main.storyboard;
			sourceTree = "<group>";
		};
		22EB5E342B9B272B00048F26 /* LaunchScreen.storyboard */ = {
			isa = PBXVariantGroup;
			children = (
				22EB5E352B9B272B00048F26 /* Base */,
			);
			name = LaunchScreen.storyboard;
			sourceTree = "<group>";
		};
/* End PBXVariantGroup section */

/* Begin XCBuildConfiguration section */
		22EB5E382B9B272B00048F26 /* Debug */ = {
			isa = XCBuildConfiguration;
			buildSettings = {
				ALWAYS_SEARCH_USER_PATHS = NO;
				ASSETCATALOG_COMPILER_GENERATE_SWIFT_ASSET_SYMBOL_EXTENSIONS = YES;
				CLANG_ANALYZER_NONNULL = YES;
				CLANG_ANALYZER_NUMBER_OBJECT_CONVERSION = YES_AGGRESSIVE;
				CLANG_CXX_LANGUAGE_STANDARD = "gnu++20";
				CLANG_ENABLE_MODULES = YES;
				CLANG_ENABLE_OBJC_ARC = YES;
				CLANG_ENABLE_OBJC_WEAK = YES;
				CLANG_WARN_BLOCK_CAPTURE_AUTORELEASING = YES;
				CLANG_WARN_BOOL_CONVERSION = YES;
				CLANG_WARN_COMMA = YES;
				CLANG_WARN_CONSTANT_CONVERSION = YES;
				CLANG_WARN_DEPRECATED_OBJC_IMPLEMENTATIONS = YES;
				CLANG_WARN_DIRECT_OBJC_ISA_USAGE = YES_ERROR;
				CLANG_WARN_DOCUMENTATION_COMMENTS = YES;
				CLANG_WARN_EMPTY_BODY = YES;
				CLANG_WARN_ENUM_CONVERSION = YES;
				CLANG_WARN_INFINITE_RECURSION = YES;
				CLANG_WARN_INT_CONVERSION = YES;
				CLANG_WARN_NON_LITERAL_NULL_CONVERSION = YES;
				CLANG_WARN_OBJC_IMPLICIT_RETAIN_SELF = YES;
				CLANG_WARN_OBJC_LITERAL_CONVERSION = YES;
				CLANG_WARN_OBJC_ROOT_CLASS = YES_ERROR;
				CLANG_WARN_QUOTED_INCLUDE_IN_FRAMEWORK_HEADER = YES;
				CLANG_WARN_RANGE_LOOP_ANALYSIS = YES;
				CLANG_WARN_STRICT_PROTOTYPES = YES;
				CLANG_WARN_SUSPICIOUS_MOVE = YES;
				CLANG_WARN_UNGUARDED_AVAILABILITY = YES_AGGRESSIVE;
				CLANG_WARN_UNREACHABLE_CODE = YES;
				CLANG_WARN__DUPLICATE_METHOD_MATCH = YES;
				COPY_PHASE_STRIP = NO;
				DEBUG_INFORMATION_FORMAT = dwarf;
				ENABLE_STRICT_OBJC_MSGSEND = YES;
				ENABLE_TESTABILITY = YES;
				ENABLE_USER_SCRIPT_SANDBOXING = YES;
				GCC_C_LANGUAGE_STANDARD = gnu17;
				GCC_DYNAMIC_NO_PIC = NO;
				GCC_NO_COMMON_BLOCKS = YES;
				GCC_OPTIMIZATION_LEVEL = 0;
				GCC_PREPROCESSOR_DEFINITIONS = (
					"DEBUG=1",
					"$(inherited)",
				);
				GCC_WARN_64_TO_32_BIT_CONVERSION = YES;
				GCC_WARN_ABOUT_RETURN_TYPE = YES_ERROR;
				GCC_WARN_UNDECLARED_SELECTOR = YES;
				GCC_WARN_UNINITIALIZED_AUTOS = YES_AGGRESSIVE;
				GCC_WARN_UNUSED_FUNCTION = YES;
				GCC_WARN_UNUSED_VARIABLE = YES;
				IPHONEOS_DEPLOYMENT_TARGET = 17.0;
				LOCALIZATION_PREFERS_STRING_CATALOGS = YES;
				MTL_ENABLE_DEBUG_INFO = INCLUDE_SOURCE;
				MTL_FAST_MATH = YES;
				ONLY_ACTIVE_ARCH = YES;
				SDKROOT = iphoneos;
				SWIFT_ACTIVE_COMPILATION_CONDITIONS = "DEBUG $(inherited)";
				SWIFT_OPTIMIZATION_LEVEL = "-Onone";
			};
			name = Debug;
		};
		22EB5E392B9B272B00048F26 /* Release */ = {
			isa = XCBuildConfiguration;
			buildSettings = {
				ALWAYS_SEARCH_USER_PATHS = NO;
				ASSETCATALOG_COMPILER_GENERATE_SWIFT_ASSET_SYMBOL_EXTENSIONS = YES;
				CLANG_ANALYZER_NONNULL = YES;
				CLANG_ANALYZER_NUMBER_OBJECT_CONVERSION = YES_AGGRESSIVE;
				CLANG_CXX_LANGUAGE_STANDARD = "gnu++20";
				CLANG_ENABLE_MODULES = YES;
				CLANG_ENABLE_OBJC_ARC = YES;
				CLANG_ENABLE_OBJC_WEAK = YES;
				CLANG_WARN_BLOCK_CAPTURE_AUTORELEASING = YES;
				CLANG_WARN_BOOL_CONVERSION = YES;
				CLANG_WARN_COMMA = YES;
				CLANG_WARN_CONSTANT_CONVERSION = YES;
				CLANG_WARN_DEPRECATED_OBJC_IMPLEMENTATIONS = YES;
				CLANG_WARN_DIRECT_OBJC_ISA_USAGE = YES_ERROR;
				CLANG_WARN_DOCUMENTATION_COMMENTS = YES;
				CLANG_WARN_EMPTY_BODY = YES;
				CLANG_WARN_ENUM_CONVERSION = YES;
				CLANG_WARN_INFINITE_RECURSION = YES;
				CLANG_WARN_INT_CONVERSION = YES;
				CLANG_WARN_NON_LITERAL_NULL_CONVERSION = YES;
				CLANG_WARN_OBJC_IMPLICIT_RETAIN_SELF = YES;
				CLANG_WARN_OBJC_LITERAL_CONVERSION = YES;
				CLANG_WARN_OBJC_ROOT_CLASS = YES_ERROR;
				CLANG_WARN_QUOTED_INCLUDE_IN_FRAMEWORK_HEADER = YES;
				CLANG_WARN_RANGE_LOOP_ANALYSIS = YES;
				CLANG_WARN_STRICT_PROTOTYPES = YES;
				CLANG_WARN_SUSPICIOUS_MOVE = YES;
				CLANG_WARN_UNGUARDED_AVAILABILITY = YES_AGGRESSIVE;
				CLANG_WARN_UNREACHABLE_CODE = YES;
				CLANG_WARN__DUPLICATE_METHOD_MATCH = YES;
				COPY_PHASE_STRIP = NO;
				DEBUG_INFORMATION_FORMAT = "dwarf-with-dsym";
				ENABLE_NS_ASSERTIONS = NO;
				ENABLE_STRICT_OBJC_MSGSEND = YES;
				ENABLE_USER_SCRIPT_SANDBOXING = YES;
				GCC_C_LANGUAGE_STANDARD = gnu17;
				GCC_NO_COMMON_BLOCKS = YES;
				GCC_WARN_64_TO_32_BIT_CONVERSION = YES;
				GCC_WARN_ABOUT_RETURN_TYPE = YES_ERROR;
				GCC_WARN_UNDECLARED_SELECTOR = YES;
				GCC_WARN_UNINITIALIZED_AUTOS = YES_AGGRESSIVE;
				GCC_WARN_UNUSED_FUNCTION = YES;
				GCC_WARN_UNUSED_VARIABLE = YES;
				IPHONEOS_DEPLOYMENT_TARGET = 17.0;
				LOCALIZATION_PREFERS_STRING_CATALOGS = YES;
				MTL_ENABLE_DEBUG_INFO = NO;
				MTL_FAST_MATH = YES;
				SDKROOT = iphoneos;
				SWIFT_COMPILATION_MODE = wholemodule;
				VALIDATE_PRODUCT = YES;
			};
			name = Release;
		};
		22EB5E3B2B9B272B00048F26 /* Debug */ = {
			isa = XCBuildConfiguration;
			buildSettings = {
				ASSETCATALOG_COMPILER_APPICON_NAME = AppIcon;
				ASSETCATALOG_COMPILER_GLOBAL_ACCENT_COLOR_NAME = AccentColor;
				CODE_SIGN_STYLE = Automatic;
				CURRENT_PROJECT_VERSION = 1;
				DEVELOPMENT_TEAM = LLHYDF6CQY;
				GENERATE_INFOPLIST_FILE = YES;
				INFOPLIST_FILE = GoLife/Info.plist;
				INFOPLIST_KEY_CFBundleDisplayName = "Life Style";
				INFOPLIST_KEY_LSApplicationCategoryType = "public.app-category.lifestyle";
				INFOPLIST_KEY_UIApplicationSupportsIndirectInputEvents = YES;
				INFOPLIST_KEY_UILaunchStoryboardName = LaunchScreen;
				INFOPLIST_KEY_UIMainStoryboardFile = Main;
				INFOPLIST_KEY_UISupportedInterfaceOrientations_iPad = "UIInterfaceOrientationPortrait UIInterfaceOrientationPortraitUpsideDown UIInterfaceOrientationLandscapeLeft UIInterfaceOrientationLandscapeRight";
				INFOPLIST_KEY_UISupportedInterfaceOrientations_iPhone = "UIInterfaceOrientationPortrait UIInterfaceOrientationLandscapeLeft UIInterfaceOrientationLandscapeRight";
				IPHONEOS_DEPLOYMENT_TARGET = 15.0;
				LD_RUNPATH_SEARCH_PATHS = (
					"$(inherited)",
					"@executable_path/Frameworks",
				);
				MARKETING_VERSION = 1.0;
				PRODUCT_BUNDLE_IDENTIFIER = rix.anel.GoLife;
				PRODUCT_NAME = "$(TARGET_NAME)";
				SWIFT_EMIT_LOC_STRINGS = YES;
				SWIFT_VERSION = 5.0;
				TARGETED_DEVICE_FAMILY = "1,2";
			};
			name = Debug;
		};
		22EB5E3C2B9B272B00048F26 /* Release */ = {
			isa = XCBuildConfiguration;
			buildSettings = {
				ASSETCATALOG_COMPILER_APPICON_NAME = AppIcon;
				ASSETCATALOG_COMPILER_GLOBAL_ACCENT_COLOR_NAME = AccentColor;
				CODE_SIGN_STYLE = Automatic;
				CURRENT_PROJECT_VERSION = 1;
				DEVELOPMENT_TEAM = LLHYDF6CQY;
				GENERATE_INFOPLIST_FILE = YES;
				INFOPLIST_FILE = GoLife/Info.plist;
				INFOPLIST_KEY_CFBundleDisplayName = "Life Style";
				INFOPLIST_KEY_LSApplicationCategoryType = "public.app-category.lifestyle";
				INFOPLIST_KEY_UIApplicationSupportsIndirectInputEvents = YES;
				INFOPLIST_KEY_UILaunchStoryboardName = LaunchScreen;
				INFOPLIST_KEY_UIMainStoryboardFile = Main;
				INFOPLIST_KEY_UISupportedInterfaceOrientations_iPad = "UIInterfaceOrientationPortrait UIInterfaceOrientationPortraitUpsideDown UIInterfaceOrientationLandscapeLeft UIInterfaceOrientationLandscapeRight";
				INFOPLIST_KEY_UISupportedInterfaceOrientations_iPhone = "UIInterfaceOrientationPortrait UIInterfaceOrientationLandscapeLeft UIInterfaceOrientationLandscapeRight";
				IPHONEOS_DEPLOYMENT_TARGET = 15.0;
				LD_RUNPATH_SEARCH_PATHS = (
					"$(inherited)",
					"@executable_path/Frameworks",
				);
				MARKETING_VERSION = 1.0;
				PRODUCT_BUNDLE_IDENTIFIER = rix.anel.GoLife;
				PRODUCT_NAME = "$(TARGET_NAME)";
				SWIFT_EMIT_LOC_STRINGS = YES;
				SWIFT_VERSION = 5.0;
				TARGETED_DEVICE_FAMILY = "1,2";
			};
			name = Release;
		};
/* End XCBuildConfiguration section */

/* Begin XCConfigurationList section */
		22EB5E1E2B9B272900048F26 /* Build configuration list for PBXProject "GoLife" */ = {
			isa = XCConfigurationList;
			buildConfigurations = (
				22EB5E382B9B272B00048F26 /* Debug */,
				22EB5E392B9B272B00048F26 /* Release */,
			);
			defaultConfigurationIsVisible = 0;
			defaultConfigurationName = Release;
		};
		22EB5E3A2B9B272B00048F26 /* Build configuration list for PBXNativeTarget "GoLife" */ = {
			isa = XCConfigurationList;
			buildConfigurations = (
				22EB5E3B2B9B272B00048F26 /* Debug */,
				22EB5E3C2B9B272B00048F26 /* Release */,
			);
			defaultConfigurationIsVisible = 0;
			defaultConfigurationName = Release;
		};
/* End XCConfigurationList section */

/* Begin XCVersionGroup section */
		22EB5E2F2B9B272900048F26 /* GoLife.xcdatamodeld */ = {
			isa = XCVersionGroup;
			children = (
				22EB5E302B9B272900048F26 /* GoLife.xcdatamodel */,
			);
			currentVersion = 22EB5E302B9B272900048F26 /* GoLife.xcdatamodel */;
			path = GoLife.xcdatamodeld;
			sourceTree = "<group>";
			versionGroupType = wrapper.xcdatamodel;
		};
/* End XCVersionGroup section */
	};
	rootObject = 22EB5E1B2B9B272900048F26 /* Project object */;
}
